
Microsoft Visual Studio Solution File, Format Version 12.00
# Visual Studio 15
VisualStudioVersion = 15.0.28010.0
MinimumVisualStudioVersion = 10.0.40219.1
Project("{8BC9CEB8-8B4A-11D0-8D11-00A0C91BC942}") = "Matrix", "Matrix\Matrix.vcxproj", "{226E03A0-0365-45CA-82ED-32BE2B804EF2}"
EndProject
Project("{8BC9CEB8-8B4A-11D0-8D11-00A0C91BC942}") = "AverageTemp", "Integers\Integers.vcxproj", "{90340D90-10E1-44C4-825D-C12E0A8CAA22}"
EndProject
Project("{8BC9CEB8-8B4A-11D0-8D11-00A0C91BC942}") = "region's data base", "region's data base\region's data base.vcxproj", "{81D00058-40E9-4C6B-B5A0-D3FA28A34102}"
EndProject
Project("{8BC9CEB8-8B4A-11D0-8D11-00A0C91BC942}") = "TeamTasks", "TeamTasks\TeamTasks.vcxproj", "{C48D2F3F-A739-48E0-89D7-75B0057F4734}"
EndProject
Project("{8BC9CEB8-8B4A-11D0-8D11-00A0C91BC942}") = "AllToSqr", "AllToSqr\AllToSqr.vcxproj", "{2507B616-5F8A-4A22-9879-56635968D892}"
EndProject
Project("{8BC9CEB8-8B4A-11D0-8D11-00A0C91BC942}") = "BusStops", "BusStops\BusStops.vcxproj", "{669715AE-8B93-456A-BED4-70FFAD9BBC68}"
EndProject
Project("{8BC9CEB8-8B4A-11D0-8D11-00A0C91BC942}") = "TestFrameWork", "TestFrameWork\TestFrameWork.vcxproj", "{9B7D85FF-21C7-4578-B7CE-06C368693C3C}"
EndProject
Project("{8BC9CEB8-8B4A-11D0-8D11-00A0C91BC942}") = "RealDistinct", "RealDistinct\RealDistinct.vcxproj", "{C76BCF88-53BD-42F5-AC3E-6AC9EB7F9CEB}"
EndProject
Project("{8BC9CEB8-8B4A-11D0-8D11-00A0C91BC942}") = "WhiteBelt_FinalTask", "WhiteBelt FinalTask\WhiteBelt FinalTask.vcxproj", "{9AFD2653-2FF3-4B5C-B363-74DBDA29765D}"
EndProject
Project("{8BC9CEB8-8B4A-11D0-8D11-00A0C91BC942}") = "iters1", "iters1\iters1.vcxproj", "{16E83BFD-38ED-43BA-8AF3-25F8EFCD7174}"
EndProject
Project("{8BC9CEB8-8B4A-11D0-8D11-00A0C91BC942}") = "iters2", "iters2\iters2.vcxproj", "{532914BB-2488-45E5-87EB-95DD3198340B}"
EndProject
Project("{8BC9CEB8-8B4A-11D0-8D11-00A0C91BC942}") = "mergesort", "mergesort\mergesort.vcxproj", "{CB6A8E8E-DA8A-40B1-BA39-C4EBE113D159}"
EndProject
Project("{8BC9CEB8-8B4A-11D0-8D11-00A0C91BC942}") = "AFind", "AFind\AFind.vcxproj", "{F8A35D47-E466-4ED7-891B-82E0DC4E16D4}"
EndProject
Project("{8BC9CEB8-8B4A-11D0-8D11-00A0C91BC942}") = "GroupByPrefix", "GroupByPrefix\GroupByPrefix.vcxproj", "{7626033D-D9AB-406B-A43A-97EA0349AE25}"
EndProject
Project("{8BC9CEB8-8B4A-11D0-8D11-00A0C91BC942}") = "arithmetic_build", "arithmetic\arithmetic.vcxproj", "{3CBE4E7E-68BE-4ABE-A68A-0A40B15FD1D7}"
EndProject
Project("{8BC9CEB8-8B4A-11D0-8D11-00A0C91BC942}") = "inheritance", "inheritance\inheritance.vcxproj", "{7D244B58-4AC3-4F5B-AB54-44698855815E}"
EndProject
Global
	GlobalSection(SolutionConfigurationPlatforms) = preSolution
		Debug|x64 = Debug|x64
		Debug|x86 = Debug|x86
		Release|x64 = Release|x64
		Release|x86 = Release|x86
	EndGlobalSection
	GlobalSection(ProjectConfigurationPlatforms) = postSolution
		{226E03A0-0365-45CA-82ED-32BE2B804EF2}.Debug|x64.ActiveCfg = Debug|x64
		{226E03A0-0365-45CA-82ED-32BE2B804EF2}.Debug|x64.Build.0 = Debug|x64
		{226E03A0-0365-45CA-82ED-32BE2B804EF2}.Debug|x86.ActiveCfg = Debug|Win32
		{226E03A0-0365-45CA-82ED-32BE2B804EF2}.Debug|x86.Build.0 = Debug|Win32
		{226E03A0-0365-45CA-82ED-32BE2B804EF2}.Release|x64.ActiveCfg = Release|x64
		{226E03A0-0365-45CA-82ED-32BE2B804EF2}.Release|x64.Build.0 = Release|x64
		{226E03A0-0365-45CA-82ED-32BE2B804EF2}.Release|x86.ActiveCfg = Release|Win32
		{226E03A0-0365-45CA-82ED-32BE2B804EF2}.Release|x86.Build.0 = Release|Win32
		{90340D90-10E1-44C4-825D-C12E0A8CAA22}.Debug|x64.ActiveCfg = Debug|x64
		{90340D90-10E1-44C4-825D-C12E0A8CAA22}.Debug|x64.Build.0 = Debug|x64
		{90340D90-10E1-44C4-825D-C12E0A8CAA22}.Debug|x86.ActiveCfg = Debug|Win32
		{90340D90-10E1-44C4-825D-C12E0A8CAA22}.Debug|x86.Build.0 = Debug|Win32
		{90340D90-10E1-44C4-825D-C12E0A8CAA22}.Release|x64.ActiveCfg = Release|x64
		{90340D90-10E1-44C4-825D-C12E0A8CAA22}.Release|x64.Build.0 = Release|x64
		{90340D90-10E1-44C4-825D-C12E0A8CAA22}.Release|x86.ActiveCfg = Release|Win32
		{90340D90-10E1-44C4-825D-C12E0A8CAA22}.Release|x86.Build.0 = Release|Win32
		{81D00058-40E9-4C6B-B5A0-D3FA28A34102}.Debug|x64.ActiveCfg = Debug|x64
		{81D00058-40E9-4C6B-B5A0-D3FA28A34102}.Debug|x64.Build.0 = Debug|x64
		{81D00058-40E9-4C6B-B5A0-D3FA28A34102}.Debug|x86.ActiveCfg = Debug|Win32
		{81D00058-40E9-4C6B-B5A0-D3FA28A34102}.Debug|x86.Build.0 = Debug|Win32
		{81D00058-40E9-4C6B-B5A0-D3FA28A34102}.Release|x64.ActiveCfg = Release|x64
		{81D00058-40E9-4C6B-B5A0-D3FA28A34102}.Release|x64.Build.0 = Release|x64
		{81D00058-40E9-4C6B-B5A0-D3FA28A34102}.Release|x86.ActiveCfg = Release|Win32
		{81D00058-40E9-4C6B-B5A0-D3FA28A34102}.Release|x86.Build.0 = Release|Win32
		{C48D2F3F-A739-48E0-89D7-75B0057F4734}.Debug|x64.ActiveCfg = Debug|x64
		{C48D2F3F-A739-48E0-89D7-75B0057F4734}.Debug|x64.Build.0 = Debug|x64
		{C48D2F3F-A739-48E0-89D7-75B0057F4734}.Debug|x86.ActiveCfg = Debug|Win32
		{C48D2F3F-A739-48E0-89D7-75B0057F4734}.Debug|x86.Build.0 = Debug|Win32
		{C48D2F3F-A739-48E0-89D7-75B0057F4734}.Release|x64.ActiveCfg = Release|x64
		{C48D2F3F-A739-48E0-89D7-75B0057F4734}.Release|x64.Build.0 = Release|x64
		{C48D2F3F-A739-48E0-89D7-75B0057F4734}.Release|x86.ActiveCfg = Release|Win32
		{C48D2F3F-A739-48E0-89D7-75B0057F4734}.Release|x86.Build.0 = Release|Win32
		{2507B616-5F8A-4A22-9879-56635968D892}.Debug|x64.ActiveCfg = Debug|x64
		{2507B616-5F8A-4A22-9879-56635968D892}.Debug|x64.Build.0 = Debug|x64
		{2507B616-5F8A-4A22-9879-56635968D892}.Debug|x86.ActiveCfg = Debug|Win32
		{2507B616-5F8A-4A22-9879-56635968D892}.Debug|x86.Build.0 = Debug|Win32
		{2507B616-5F8A-4A22-9879-56635968D892}.Release|x64.ActiveCfg = Release|x64
		{2507B616-5F8A-4A22-9879-56635968D892}.Release|x64.Build.0 = Release|x64
		{2507B616-5F8A-4A22-9879-56635968D892}.Release|x86.ActiveCfg = Release|Win32
		{2507B616-5F8A-4A22-9879-56635968D892}.Release|x86.Build.0 = Release|Win32
		{669715AE-8B93-456A-BED4-70FFAD9BBC68}.Debug|x64.ActiveCfg = Debug|x64
		{669715AE-8B93-456A-BED4-70FFAD9BBC68}.Debug|x64.Build.0 = Debug|x64
		{669715AE-8B93-456A-BED4-70FFAD9BBC68}.Debug|x86.ActiveCfg = Debug|Win32
		{669715AE-8B93-456A-BED4-70FFAD9BBC68}.Debug|x86.Build.0 = Debug|Win32
		{669715AE-8B93-456A-BED4-70FFAD9BBC68}.Release|x64.ActiveCfg = Release|x64
		{669715AE-8B93-456A-BED4-70FFAD9BBC68}.Release|x64.Build.0 = Release|x64
		{669715AE-8B93-456A-BED4-70FFAD9BBC68}.Release|x86.ActiveCfg = Release|Win32
		{669715AE-8B93-456A-BED4-70FFAD9BBC68}.Release|x86.Build.0 = Release|Win32
		{9B7D85FF-21C7-4578-B7CE-06C368693C3C}.Debug|x64.ActiveCfg = Debug|x64
		{9B7D85FF-21C7-4578-B7CE-06C368693C3C}.Debug|x64.Build.0 = Debug|x64
		{9B7D85FF-21C7-4578-B7CE-06C368693C3C}.Debug|x86.ActiveCfg = Debug|Win32
		{9B7D85FF-21C7-4578-B7CE-06C368693C3C}.Debug|x86.Build.0 = Debug|Win32
		{9B7D85FF-21C7-4578-B7CE-06C368693C3C}.Release|x64.ActiveCfg = Release|x64
		{9B7D85FF-21C7-4578-B7CE-06C368693C3C}.Release|x64.Build.0 = Release|x64
		{9B7D85FF-21C7-4578-B7CE-06C368693C3C}.Release|x86.ActiveCfg = Release|Win32
		{9B7D85FF-21C7-4578-B7CE-06C368693C3C}.Release|x86.Build.0 = Release|Win32
		{C76BCF88-53BD-42F5-AC3E-6AC9EB7F9CEB}.Debug|x64.ActiveCfg = Debug|x64
		{C76BCF88-53BD-42F5-AC3E-6AC9EB7F9CEB}.Debug|x64.Build.0 = Debug|x64
		{C76BCF88-53BD-42F5-AC3E-6AC9EB7F9CEB}.Debug|x86.ActiveCfg = Debug|Win32
		{C76BCF88-53BD-42F5-AC3E-6AC9EB7F9CEB}.Debug|x86.Build.0 = Debug|Win32
		{C76BCF88-53BD-42F5-AC3E-6AC9EB7F9CEB}.Release|x64.ActiveCfg = Release|x64
		{C76BCF88-53BD-42F5-AC3E-6AC9EB7F9CEB}.Release|x64.Build.0 = Release|x64
		{C76BCF88-53BD-42F5-AC3E-6AC9EB7F9CEB}.Release|x86.ActiveCfg = Release|Win32
		{C76BCF88-53BD-42F5-AC3E-6AC9EB7F9CEB}.Release|x86.Build.0 = Release|Win32
		{9AFD2653-2FF3-4B5C-B363-74DBDA29765D}.Debug|x64.ActiveCfg = Debug|x64
		{9AFD2653-2FF3-4B5C-B363-74DBDA29765D}.Debug|x64.Build.0 = Debug|x64
		{9AFD2653-2FF3-4B5C-B363-74DBDA29765D}.Debug|x86.ActiveCfg = Debug|Win32
		{9AFD2653-2FF3-4B5C-B363-74DBDA29765D}.Debug|x86.Build.0 = Debug|Win32
		{9AFD2653-2FF3-4B5C-B363-74DBDA29765D}.Release|x64.ActiveCfg = Release|x64
		{9AFD2653-2FF3-4B5C-B363-74DBDA29765D}.Release|x64.Build.0 = Release|x64
		{9AFD2653-2FF3-4B5C-B363-74DBDA29765D}.Release|x86.ActiveCfg = Release|Win32
		{9AFD2653-2FF3-4B5C-B363-74DBDA29765D}.Release|x86.Build.0 = Release|Win32
		{16E83BFD-38ED-43BA-8AF3-25F8EFCD7174}.Debug|x64.ActiveCfg = Debug|x64
		{16E83BFD-38ED-43BA-8AF3-25F8EFCD7174}.Debug|x64.Build.0 = Debug|x64
		{16E83BFD-38ED-43BA-8AF3-25F8EFCD7174}.Debug|x86.ActiveCfg = Debug|Win32
		{16E83BFD-38ED-43BA-8AF3-25F8EFCD7174}.Debug|x86.Build.0 = Debug|Win32
		{16E83BFD-38ED-43BA-8AF3-25F8EFCD7174}.Release|x64.ActiveCfg = Release|x64
		{16E83BFD-38ED-43BA-8AF3-25F8EFCD7174}.Release|x64.Build.0 = Release|x64
		{16E83BFD-38ED-43BA-8AF3-25F8EFCD7174}.Release|x86.ActiveCfg = Release|Win32
		{16E83BFD-38ED-43BA-8AF3-25F8EFCD7174}.Release|x86.Build.0 = Release|Win32
		{532914BB-2488-45E5-87EB-95DD3198340B}.Debug|x64.ActiveCfg = Debug|x64
		{532914BB-2488-45E5-87EB-95DD3198340B}.Debug|x64.Build.0 = Debug|x64
		{532914BB-2488-45E5-87EB-95DD3198340B}.Debug|x86.ActiveCfg = Debug|Win32
		{532914BB-2488-45E5-87EB-95DD3198340B}.Debug|x86.Build.0 = Debug|Win32
		{532914BB-2488-45E5-87EB-95DD3198340B}.Release|x64.ActiveCfg = Release|x64
		{532914BB-2488-45E5-87EB-95DD3198340B}.Release|x64.Build.0 = Release|x64
		{532914BB-2488-45E5-87EB-95DD3198340B}.Release|x86.ActiveCfg = Release|Win32
		{532914BB-2488-45E5-87EB-95DD3198340B}.Release|x86.Build.0 = Release|Win32
		{CB6A8E8E-DA8A-40B1-BA39-C4EBE113D159}.Debug|x64.ActiveCfg = Debug|x64
		{CB6A8E8E-DA8A-40B1-BA39-C4EBE113D159}.Debug|x64.Build.0 = Debug|x64
		{CB6A8E8E-DA8A-40B1-BA39-C4EBE113D159}.Debug|x86.ActiveCfg = Debug|Win32
		{CB6A8E8E-DA8A-40B1-BA39-C4EBE113D159}.Debug|x86.Build.0 = Debug|Win32
		{CB6A8E8E-DA8A-40B1-BA39-C4EBE113D159}.Release|x64.ActiveCfg = Release|x64
		{CB6A8E8E-DA8A-40B1-BA39-C4EBE113D159}.Release|x64.Build.0 = Release|x64
		{CB6A8E8E-DA8A-40B1-BA39-C4EBE113D159}.Release|x86.ActiveCfg = Release|Win32
		{CB6A8E8E-DA8A-40B1-BA39-C4EBE113D159}.Release|x86.Build.0 = Release|Win32
		{F8A35D47-E466-4ED7-891B-82E0DC4E16D4}.Debug|x64.ActiveCfg = Debug|x64
		{F8A35D47-E466-4ED7-891B-82E0DC4E16D4}.Debug|x64.Build.0 = Debug|x64
		{F8A35D47-E466-4ED7-891B-82E0DC4E16D4}.Debug|x86.ActiveCfg = Debug|Win32
		{F8A35D47-E466-4ED7-891B-82E0DC4E16D4}.Debug|x86.Build.0 = Debug|Win32
		{F8A35D47-E466-4ED7-891B-82E0DC4E16D4}.Release|x64.ActiveCfg = Release|x64
		{F8A35D47-E466-4ED7-891B-82E0DC4E16D4}.Release|x64.Build.0 = Release|x64
		{F8A35D47-E466-4ED7-891B-82E0DC4E16D4}.Release|x86.ActiveCfg = Release|Win32
		{F8A35D47-E466-4ED7-891B-82E0DC4E16D4}.Release|x86.Build.0 = Release|Win32
		{7626033D-D9AB-406B-A43A-97EA0349AE25}.Debug|x64.ActiveCfg = Debug|x64
		{7626033D-D9AB-406B-A43A-97EA0349AE25}.Debug|x64.Build.0 = Debug|x64
		{7626033D-D9AB-406B-A43A-97EA0349AE25}.Debug|x86.ActiveCfg = Debug|Win32
		{7626033D-D9AB-406B-A43A-97EA0349AE25}.Debug|x86.Build.0 = Debug|Win32
		{7626033D-D9AB-406B-A43A-97EA0349AE25}.Release|x64.ActiveCfg = Release|x64
		{7626033D-D9AB-406B-A43A-97EA0349AE25}.Release|x64.Build.0 = Release|x64
		{7626033D-D9AB-406B-A43A-97EA0349AE25}.Release|x86.ActiveCfg = Release|Win32
		{7626033D-D9AB-406B-A43A-97EA0349AE25}.Release|x86.Build.0 = Release|Win32
		{3CBE4E7E-68BE-4ABE-A68A-0A40B15FD1D7}.Debug|x64.ActiveCfg = Debug|x64
		{3CBE4E7E-68BE-4ABE-A68A-0A40B15FD1D7}.Debug|x64.Build.0 = Debug|x64
		{3CBE4E7E-68BE-4ABE-A68A-0A40B15FD1D7}.Debug|x86.ActiveCfg = Debug|Win32
		{3CBE4E7E-68BE-4ABE-A68A-0A40B15FD1D7}.Debug|x86.Build.0 = Debug|Win32
		{3CBE4E7E-68BE-4ABE-A68A-0A40B15FD1D7}.Release|x64.ActiveCfg = Release|x64
		{3CBE4E7E-68BE-4ABE-A68A-0A40B15FD1D7}.Release|x64.Build.0 = Release|x64
		{3CBE4E7E-68BE-4ABE-A68A-0A40B15FD1D7}.Release|x86.ActiveCfg = Release|Win32
		{3CBE4E7E-68BE-4ABE-A68A-0A40B15FD1D7}.Release|x86.Build.0 = Release|Win32
		{7D244B58-4AC3-4F5B-AB54-44698855815E}.Debug|x64.ActiveCfg = Debug|x64
		{7D244B58-4AC3-4F5B-AB54-44698855815E}.Debug|x64.Build.0 = Debug|x64
		{7D244B58-4AC3-4F5B-AB54-44698855815E}.Debug|x86.ActiveCfg = Debug|Win32
		{7D244B58-4AC3-4F5B-AB54-44698855815E}.Debug|x86.Build.0 = Debug|Win32
		{7D244B58-4AC3-4F5B-AB54-44698855815E}.Release|x64.ActiveCfg = Release|x64
		{7D244B58-4AC3-4F5B-AB54-44698855815E}.Release|x64.Build.0 = Release|x64
		{7D244B58-4AC3-4F5B-AB54-44698855815E}.Release|x86.ActiveCfg = Release|Win32
		{7D244B58-4AC3-4F5B-AB54-44698855815E}.Release|x86.Build.0 = Release|Win32
	EndGlobalSection
	GlobalSection(SolutionProperties) = preSolution
		HideSolutionNode = FALSE
	EndGlobalSection
	GlobalSection(ExtensibilityGlobals) = postSolution
		SolutionGuid = {3F677523-6A5C-4ED0-B82A-6A0DE52E7960}
	EndGlobalSection
EndGlobal
